
Microsoft Visual Studio Solution File, Format Version 12.00
# Visual Studio 14
VisualStudioVersion = 14.0.25420.1
MinimumVisualStudioVersion = 10.0.40219.1
Project("{FAE04EC0-301F-11D3-BF4B-00C04F79EFBC}") = "GitHubTest", "GitHubTest\GitHubTest.csproj", "{A73F15B3-21DC-4E4F-8021-80F2E0E316E8}"
EndProject
Project("{FAE04EC0-301F-11D3-BF4B-00C04F79EFBC}") = "GitHubTestTests", "GitHubTestTests\GitHubTestTests.csproj", "{01FC2517-B4A1-4DCF-B84D-8786A73D4F18}"
EndProject
Global
	GlobalSection(SolutionConfigurationPlatforms) = preSolution
		Debug|Any CPU = Debug|Any CPU
		Release|Any CPU = Release|Any CPU
	EndGlobalSection
	GlobalSection(ProjectConfigurationPlatforms) = postSolution
		{A73F15B3-21DC-4E4F-8021-80F2E0E316E8}.Debug|Any CPU.ActiveCfg = Debug|Any CPU
		{A73F15B3-21DC-4E4F-8021-80F2E0E316E8}.Debug|Any CPU.Build.0 = Debug|Any CPU
		{A73F15B3-21DC-4E4F-8021-80F2E0E316E8}.Release|Any CPU.ActiveCfg = Release|Any CPU
		{A73F15B3-21DC-4E4F-8021-80F2E0E316E8}.Release|Any CPU.Build.0 = Release|Any CPU
		{01FC2517-B4A1-4DCF-B84D-8786A73D4F18}.Debug|Any CPU.ActiveCfg = Debug|Any CPU
		{01FC2517-B4A1-4DCF-B84D-8786A73D4F18}.Debug|Any CPU.Build.0 = Debug|Any CPU
		{01FC2517-B4A1-4DCF-B84D-8786A73D4F18}.Release|Any CPU.ActiveCfg = Release|Any CPU
		{01FC2517-B4A1-4DCF-B84D-8786A73D4F18}.Release|Any CPU.Build.0 = Release|Any CPU
	EndGlobalSection
	GlobalSection(SolutionProperties) = preSolution
		HideSolutionNode = FALSE
	EndGlobalSection
EndGlobal
